{
  "name": "mobile-console",
  "version": "0.0.1",
  "lockfileVersion": 1,
  "requires": true,
  "dependencies": {
    "vconsole": {
      "version": "3.3.0",
      "resolved": "https://registry.npmjs.org/vconsole/-/vconsole-3.3.0.tgz",
      "integrity": "sha512-0b3p8PseD8JQG2mraWmsi/5Zto3wRakCu+tByb06Tkz3XeQ8n4UAkGVDz8iSr3c2e33d+EXDH0K4ZaS7SmiLPg=="
    }
  }
}
